
Microsoft Visual Studio Solution File, Format Version 12.00
# Visual Studio 2013
VisualStudioVersion = 12.0.30723.0
MinimumVisualStudioVersion = 10.0.40219.1
Project("{FAE04EC0-301F-11D3-BF4B-00C04F79EFBC}") = "ProduktApplikation", "ProduktApplikation\ProduktApplikation.csproj", "{4520F7D6-D572-4509-8E05-C3945A6D8EAE}"
EndProject
Project("{FAE04EC0-301F-11D3-BF4B-00C04F79EFBC}") = "ProduktApplikationUnitTestar", "ProduktApplikationUnitTestar\ProduktApplikationUnitTestar.csproj", "{FFB1F773-6862-41E3-BB35-69E03E55E062}"
EndProject
Project("{FAE04EC0-301F-11D3-BF4B-00C04F79EFBC}") = "JRINCCustomControls", "JRINCCustomControls\JRINCCustomControls.csproj", "{C8B714BF-091D-4972-AF18-6F6904FD0D8D}"
EndProject
Project("{2150E333-8FDC-42A3-9474-1A3956D46DE8}") = "Solution Items", "Solution Items", "{1C56B4FC-9B85-42CE-A3E7-257D3236C161}"
	ProjectSection(SolutionItems) = preProject
		Changelog.txt = Changelog.txt
		README.txt = README.txt
	EndProjectSection
EndProject
Global
	GlobalSection(SolutionConfigurationPlatforms) = preSolution
		Debug|Any CPU = Debug|Any CPU
		Release|Any CPU = Release|Any CPU
	EndGlobalSection
	GlobalSection(ProjectConfigurationPlatforms) = postSolution
		{4520F7D6-D572-4509-8E05-C3945A6D8EAE}.Debug|Any CPU.ActiveCfg = Debug|Any CPU
		{4520F7D6-D572-4509-8E05-C3945A6D8EAE}.Debug|Any CPU.Build.0 = Debug|Any CPU
		{4520F7D6-D572-4509-8E05-C3945A6D8EAE}.Release|Any CPU.ActiveCfg = Release|Any CPU
		{4520F7D6-D572-4509-8E05-C3945A6D8EAE}.Release|Any CPU.Build.0 = Release|Any CPU
		{FFB1F773-6862-41E3-BB35-69E03E55E062}.Debug|Any CPU.ActiveCfg = Debug|Any CPU
		{FFB1F773-6862-41E3-BB35-69E03E55E062}.Debug|Any CPU.Build.0 = Debug|Any CPU
		{FFB1F773-6862-41E3-BB35-69E03E55E062}.Release|Any CPU.ActiveCfg = Release|Any CPU
		{FFB1F773-6862-41E3-BB35-69E03E55E062}.Release|Any CPU.Build.0 = Release|Any CPU
		{C8B714BF-091D-4972-AF18-6F6904FD0D8D}.Debug|Any CPU.ActiveCfg = Debug|Any CPU
		{C8B714BF-091D-4972-AF18-6F6904FD0D8D}.Debug|Any CPU.Build.0 = Debug|Any CPU
		{C8B714BF-091D-4972-AF18-6F6904FD0D8D}.Release|Any CPU.ActiveCfg = Release|Any CPU
		{C8B714BF-091D-4972-AF18-6F6904FD0D8D}.Release|Any CPU.Build.0 = Release|Any CPU
	EndGlobalSection
	GlobalSection(SolutionProperties) = preSolution
		HideSolutionNode = FALSE
	EndGlobalSection
EndGlobal
